// !$*UTF8*$!
{
	archiveVersion = 1;
	classes = {
	};
	objectVersion = 46;
	objects = {

/* Begin PBXBuildFile section */
		CEB32C4B1B67686300BE3AE9 /* AppDelegate.swift in Sources */ = {isa = PBXBuildFile; fileRef = CEB32C4A1B67686300BE3AE9 /* AppDelegate.swift */; };
		CEB32C4E1B67686300BE3AE9 /* iOSFolket.xcdatamodeld in Sources */ = {isa = PBXBuildFile; fileRef = CEB32C4C1B67686300BE3AE9 /* iOSFolket.xcdatamodeld */; };
		CEB32C501B67686300BE3AE9 /* MasterViewController.swift in Sources */ = {isa = PBXBuildFile; fileRef = CEB32C4F1B67686300BE3AE9 /* MasterViewController.swift */; };
		CEB32C521B67686300BE3AE9 /* DetailViewController.swift in Sources */ = {isa = PBXBuildFile; fileRef = CEB32C511B67686300BE3AE9 /* DetailViewController.swift */; };
		CEB32C551B67686300BE3AE9 /* Main.storyboard in Resources */ = {isa = PBXBuildFile; fileRef = CEB32C531B67686300BE3AE9 /* Main.storyboard */; };
		CEB32C571B67686300BE3AE9 /* Assets.xcassets in Resources */ = {isa = PBXBuildFile; fileRef = CEB32C561B67686300BE3AE9 /* Assets.xcassets */; };
		CEB32C5A1B67686300BE3AE9 /* LaunchScreen.storyboard in Resources */ = {isa = PBXBuildFile; fileRef = CEB32C581B67686300BE3AE9 /* LaunchScreen.storyboard */; };
		CEB32C651B67686300BE3AE9 /* iOSFolketTests.swift in Sources */ = {isa = PBXBuildFile; fileRef = CEB32C641B67686300BE3AE9 /* iOSFolketTests.swift */; };
		CEB32C701B67686300BE3AE9 /* iOSFolketUITests.swift in Sources */ = {isa = PBXBuildFile; fileRef = CEB32C6F1B67686300BE3AE9 /* iOSFolketUITests.swift */; };
/* End PBXBuildFile section */

/* Begin PBXContainerItemProxy section */
		CEB32C611B67686300BE3AE9 /* PBXContainerItemProxy */ = {
			isa = PBXContainerItemProxy;
			containerPortal = CEB32C3F1B67686300BE3AE9 /* Project object */;
			proxyType = 1;
			remoteGlobalIDString = CEB32C461B67686300BE3AE9;
			remoteInfo = iOSFolket;
		};
		CEB32C6C1B67686300BE3AE9 /* PBXContainerItemProxy */ = {
			isa = PBXContainerItemProxy;
			containerPortal = CEB32C3F1B67686300BE3AE9 /* Project object */;
			proxyType = 1;
			remoteGlobalIDString = CEB32C461B67686300BE3AE9;
			remoteInfo = iOSFolket;
		};
/* End PBXContainerItemProxy section */

/* Begin PBXFileReference section */
		CEB32C471B67686300BE3AE9 /* iOSFolket.app */ = {isa = PBXFileReference; explicitFileType = wrapper.application; includeInIndex = 0; path = iOSFolket.app; sourceTree = BUILT_PRODUCTS_DIR; };
		CEB32C4A1B67686300BE3AE9 /* AppDelegate.swift */ = {isa = PBXFileReference; lastKnownFileType = sourcecode.swift; path = AppDelegate.swift; sourceTree = "<group>"; };
		CEB32C4D1B67686300BE3AE9 /* iOSFolket.xcdatamodel */ = {isa = PBXFileReference; lastKnownFileType = wrapper.xcdatamodel; path = iOSFolket.xcdatamodel; sourceTree = "<group>"; };
		CEB32C4F1B67686300BE3AE9 /* MasterViewController.swift */ = {isa = PBXFileReference; lastKnownFileType = sourcecode.swift; path = MasterViewController.swift; sourceTree = "<group>"; };
		CEB32C511B67686300BE3AE9 /* DetailViewController.swift */ = {isa = PBXFileReference; lastKnownFileType = sourcecode.swift; path = DetailViewController.swift; sourceTree = "<group>"; };
		CEB32C541B67686300BE3AE9 /* Base */ = {isa = PBXFileReference; lastKnownFileType = file.storyboard; name = Base; path = Base.lproj/Main.storyboard; sourceTree = "<group>"; };
		CEB32C561B67686300BE3AE9 /* Assets.xcassets */ = {isa = PBXFileReference; lastKnownFileType = folder.assetcatalog; path = Assets.xcassets; sourceTree = "<group>"; };
		CEB32C591B67686300BE3AE9 /* Base */ = {isa = PBXFileReference; lastKnownFileType = file.storyboard; name = Base; path = Base.lproj/LaunchScreen.storyboard; sourceTree = "<group>"; };
		CEB32C5B1B67686300BE3AE9 /* Info.plist */ = {isa = PBXFileReference; lastKnownFileType = text.plist.xml; path = Info.plist; sourceTree = "<group>"; };
		CEB32C601B67686300BE3AE9 /* iOSFolketTests.xctest */ = {isa = PBXFileReference; explicitFileType = wrapper.cfbundle; includeInIndex = 0; path = iOSFolketTests.xctest; sourceTree = BUILT_PRODUCTS_DIR; };
		CEB32C641B67686300BE3AE9 /* iOSFolketTests.swift */ = {isa = PBXFileReference; lastKnownFileType = sourcecode.swift; path = iOSFolketTests.swift; sourceTree = "<group>"; };
		CEB32C661B67686300BE3AE9 /* Info.plist */ = {isa = PBXFileReference; lastKnownFileType = text.plist.xml; path = Info.plist; sourceTree = "<group>"; };
		CEB32C6B1B67686300BE3AE9 /* iOSFolketUITests.xctest */ = {isa = PBXFileReference; explicitFileType = wrapper.cfbundle; includeInIndex = 0; path = iOSFolketUITests.xctest; sourceTree = BUILT_PRODUCTS_DIR; };
		CEB32C6F1B67686300BE3AE9 /* iOSFolketUITests.swift */ = {isa = PBXFileReference; lastKnownFileType = sourcecode.swift; path = iOSFolketUITests.swift; sourceTree = "<group>"; };
		CEB32C711B67686300BE3AE9 /* Info.plist */ = {isa = PBXFileReference; lastKnownFileType = text.plist.xml; path = Info.plist; sourceTree = "<group>"; };
/* End PBXFileReference section */

/* Begin PBXFrameworksBuildPhase section */
		CEB32C441B67686300BE3AE9 /* Frameworks */ = {
			isa = PBXFrameworksBuildPhase;
			buildActionMask = 2147483647;
			files = (
			);
			runOnlyForDeploymentPostprocessing = 0;
		};
		CEB32C5D1B67686300BE3AE9 /* Frameworks */ = {
			isa = PBXFrameworksBuildPhase;
			buildActionMask = 2147483647;
			files = (
			);
			runOnlyForDeploymentPostprocessing = 0;
		};
		CEB32C681B67686300BE3AE9 /* Frameworks */ = {
			isa = PBXFrameworksBuildPhase;
			buildActionMask = 2147483647;
			files = (
			);
			runOnlyForDeploymentPostprocessing = 0;
		};
/* End PBXFrameworksBuildPhase section */

/* Begin PBXGroup section */
		CEB32C3E1B67686300BE3AE9 = {
			isa = PBXGroup;
			children = (
				CEB32C491B67686300BE3AE9 /* iOSFolket */,
				CEB32C631B67686300BE3AE9 /* iOSFolketTests */,
				CEB32C6E1B67686300BE3AE9 /* iOSFolketUITests */,
				CEB32C481B67686300BE3AE9 /* Products */,
			);
			sourceTree = "<group>";
		};
		CEB32C481B67686300BE3AE9 /* Products */ = {
			isa = PBXGroup;
			children = (
				CEB32C471B67686300BE3AE9 /* iOSFolket.app */,
				CEB32C601B67686300BE3AE9 /* iOSFolketTests.xctest */,
				CEB32C6B1B67686300BE3AE9 /* iOSFolketUITests.xctest */,
			);
			name = Products;
			sourceTree = "<group>";
		};
		CEB32C491B67686300BE3AE9 /* iOSFolket */ = {
			isa = PBXGroup;
			children = (
				CEB32C4A1B67686300BE3AE9 /* AppDelegate.swift */,
				CEB32C4F1B67686300BE3AE9 /* MasterViewController.swift */,
				CEB32C511B67686300BE3AE9 /* DetailViewController.swift */,
				CEB32C531B67686300BE3AE9 /* Main.storyboard */,
				CEB32C561B67686300BE3AE9 /* Assets.xcassets */,
				CEB32C581B67686300BE3AE9 /* LaunchScreen.storyboard */,
				CEB32C5B1B67686300BE3AE9 /* Info.plist */,
				CEB32C4C1B67686300BE3AE9 /* iOSFolket.xcdatamodeld */,
			);
			path = iOSFolket;
			sourceTree = "<group>";
		};
		CEB32C631B67686300BE3AE9 /* iOSFolketTests */ = {
			isa = PBXGroup;
			children = (
				CEB32C641B67686300BE3AE9 /* iOSFolketTests.swift */,
				CEB32C661B67686300BE3AE9 /* Info.plist */,
			);
			path = iOSFolketTests;
			sourceTree = "<group>";
		};
		CEB32C6E1B67686300BE3AE9 /* iOSFolketUITests */ = {
			isa = PBXGroup;
			children = (
				CEB32C6F1B67686300BE3AE9 /* iOSFolketUITests.swift */,
				CEB32C711B67686300BE3AE9 /* Info.plist */,
			);
			path = iOSFolketUITests;
			sourceTree = "<group>";
		};
/* End PBXGroup section */

/* Begin PBXNativeTarget section */
		CEB32C461B67686300BE3AE9 /* iOSFolket */ = {
			isa = PBXNativeTarget;
			buildConfigurationList = CEB32C741B67686300BE3AE9 /* Build configuration list for PBXNativeTarget "iOSFolket" */;
			buildPhases = (
				CEB32C431B67686300BE3AE9 /* Sources */,
				CEB32C441B67686300BE3AE9 /* Frameworks */,
				CEB32C451B67686300BE3AE9 /* Resources */,
			);
			buildRules = (
			);
			dependencies = (
			);
			name = iOSFolket;
			productName = iOSFolket;
			productReference = CEB32C471B67686300BE3AE9 /* iOSFolket.app */;
			productType = "com.apple.product-type.application";
		};
		CEB32C5F1B67686300BE3AE9 /* iOSFolketTests */ = {
			isa = PBXNativeTarget;
			buildConfigurationList = CEB32C771B67686300BE3AE9 /* Build configuration list for PBXNativeTarget "iOSFolketTests" */;
			buildPhases = (
				CEB32C5C1B67686300BE3AE9 /* Sources */,
				CEB32C5D1B67686300BE3AE9 /* Frameworks */,
				CEB32C5E1B67686300BE3AE9 /* Resources */,
			);
			buildRules = (
			);
			dependencies = (
				CEB32C621B67686300BE3AE9 /* PBXTargetDependency */,
			);
			name = iOSFolketTests;
			productName = iOSFolketTests;
			productReference = CEB32C601B67686300BE3AE9 /* iOSFolketTests.xctest */;
			productType = "com.apple.product-type.bundle.unit-test";
		};
		CEB32C6A1B67686300BE3AE9 /* iOSFolketUITests */ = {
			isa = PBXNativeTarget;
			buildConfigurationList = CEB32C7A1B67686300BE3AE9 /* Build configuration list for PBXNativeTarget "iOSFolketUITests" */;
			buildPhases = (
				CEB32C671B67686300BE3AE9 /* Sources */,
				CEB32C681B67686300BE3AE9 /* Frameworks */,
				CEB32C691B67686300BE3AE9 /* Resources */,
			);
			buildRules = (
			);
			dependencies = (
				CEB32C6D1B67686300BE3AE9 /* PBXTargetDependency */,
			);
			name = iOSFolketUITests;
			productName = iOSFolketUITests;
			productReference = CEB32C6B1B67686300BE3AE9 /* iOSFolketUITests.xctest */;
			productType = "com.apple.product-type.bundle.ui-testing";
		};
/* End PBXNativeTarget section */

/* Begin PBXProject section */
		CEB32C3F1B67686300BE3AE9 /* Project object */ = {
			isa = PBXProject;
			attributes = {
				LastUpgradeCheck = 0700;
				ORGANIZATIONNAME = iOSFolket;
				TargetAttributes = {
					CEB32C461B67686300BE3AE9 = {
						CreatedOnToolsVersion = 7.0;
					};
					CEB32C5F1B67686300BE3AE9 = {
						CreatedOnToolsVersion = 7.0;
						TestTargetID = CEB32C461B67686300BE3AE9;
					};
					CEB32C6A1B67686300BE3AE9 = {
						CreatedOnToolsVersion = 7.0;
						TestTargetID = CEB32C461B67686300BE3AE9;
					};
				};
			};
			buildConfigurationList = CEB32C421B67686300BE3AE9 /* Build configuration list for PBXProject "iOSFolket" */;
			compatibilityVersion = "Xcode 3.2";
			developmentRegion = English;
			hasScannedForEncodings = 0;
			knownRegions = (
				en,
				Base,
			);
			mainGroup = CEB32C3E1B67686300BE3AE9;
			productRefGroup = CEB32C481B67686300BE3AE9 /* Products */;
			projectDirPath = "";
			projectRoot = "";
			targets = (
				CEB32C461B67686300BE3AE9 /* iOSFolket */,
				CEB32C5F1B67686300BE3AE9 /* iOSFolketTests */,
				CEB32C6A1B67686300BE3AE9 /* iOSFolketUITests */,
			);
		};
/* End PBXProject section */

/* Begin PBXResourcesBuildPhase section */
		CEB32C451B67686300BE3AE9 /* Resources */ = {
			isa = PBXResourcesBuildPhase;
			buildActionMask = 2147483647;
			files = (
				CEB32C5A1B67686300BE3AE9 /* LaunchScreen.storyboard in Resources */,
				CEB32C571B67686300BE3AE9 /* Assets.xcassets in Resources */,
				CEB32C551B67686300BE3AE9 /* Main.storyboard in Resources */,
			);
			runOnlyForDeploymentPostprocessing = 0;
		};
		CEB32C5E1B67686300BE3AE9 /* Resources */ = {
			isa = PBXResourcesBuildPhase;
			buildActionMask = 2147483647;
			files = (
			);
			runOnlyForDeploymentPostprocessing = 0;
		};
		CEB32C691B67686300BE3AE9 /* Resources */ = {
			isa = PBXResourcesBuildPhase;
			buildActionMask = 2147483647;
			files = (
			);
			runOnlyForDeploymentPostprocessing = 0;
		};
/* End PBXResourcesBuildPhase section */

/* Begin PBXSourcesBuildPhase section */
		CEB32C431B67686300BE3AE9 /* Sources */ = {
			isa = PBXSourcesBuildPhase;
			buildActionMask = 2147483647;
			files = (
				CEB32C4E1B67686300BE3AE9 /* iOSFolket.xcdatamodeld in Sources */,
				CEB32C4B1B67686300BE3AE9 /* AppDelegate.swift in Sources */,
				CEB32C501B67686300BE3AE9 /* MasterViewController.swift in Sources */,
				CEB32C521B67686300BE3AE9 /* DetailViewController.swift in Sources */,
			);
			runOnlyForDeploymentPostprocessing = 0;
		};
		CEB32C5C1B67686300BE3AE9 /* Sources */ = {
			isa = PBXSourcesBuildPhase;
			buildActionMask = 2147483647;
			files = (
				CEB32C651B67686300BE3AE9 /* iOSFolketTests.swift in Sources */,
			);
			runOnlyForDeploymentPostprocessing = 0;
		};
		CEB32C671B67686300BE3AE9 /* Sources */ = {
			isa = PBXSourcesBuildPhase;
			buildActionMask = 2147483647;
			files = (
				CEB32C701B67686300BE3AE9 /* iOSFolketUITests.swift in Sources */,
			);
			runOnlyForDeploymentPostprocessing = 0;
		};
/* End PBXSourcesBuildPhase section */

/* Begin PBXTargetDependency section */
		CEB32C621B67686300BE3AE9 /* PBXTargetDependency */ = {
			isa = PBXTargetDependency;
			target = CEB32C461B67686300BE3AE9 /* iOSFolket */;
			targetProxy = CEB32C611B67686300BE3AE9 /* PBXContainerItemProxy */;
		};
		CEB32C6D1B67686300BE3AE9 /* PBXTargetDependency */ = {
			isa = PBXTargetDependency;
			target = CEB32C461B67686300BE3AE9 /* iOSFolket */;
			targetProxy = CEB32C6C1B67686300BE3AE9 /* PBXContainerItemProxy */;
		};
/* End PBXTargetDependency section */

/* Begin PBXVariantGroup section */
		CEB32C531B67686300BE3AE9 /* Main.storyboard */ = {
			isa = PBXVariantGroup;
			children = (
				CEB32C541B67686300BE3AE9 /* Base */,
			);
			name = Main.storyboard;
			sourceTree = "<group>";
		};
		CEB32C581B67686300BE3AE9 /* LaunchScreen.storyboard */ = {
			isa = PBXVariantGroup;
			children = (
				CEB32C591B67686300BE3AE9 /* Base */,
			);
			name = LaunchScreen.storyboard;
			sourceTree = "<group>";
		};
/* End PBXVariantGroup section */

/* Begin XCBuildConfiguration section */
		CEB32C721B67686300BE3AE9 /* Debug */ = {
			isa = XCBuildConfiguration;
			buildSettings = {
				ALWAYS_SEARCH_USER_PATHS = NO;
				CLANG_CXX_LANGUAGE_STANDARD = "gnu++0x";
				CLANG_CXX_LIBRARY = "libc++";
				CLANG_ENABLE_MODULES = YES;
				CLANG_ENABLE_OBJC_ARC = YES;
				CLANG_WARN_BOOL_CONVERSION = YES;
				CLANG_WARN_CONSTANT_CONVERSION = YES;
				CLANG_WARN_DIRECT_OBJC_ISA_USAGE = YES_ERROR;
				CLANG_WARN_EMPTY_BODY = YES;
				CLANG_WARN_ENUM_CONVERSION = YES;
				CLANG_WARN_INT_CONVERSION = YES;
				CLANG_WARN_OBJC_ROOT_CLASS = YES_ERROR;
				CLANG_WARN_UNREACHABLE_CODE = YES;
				CLANG_WARN__DUPLICATE_METHOD_MATCH = YES;
				"CODE_SIGN_IDENTITY[sdk=iphoneos*]" = "iPhone Developer";
				COPY_PHASE_STRIP = NO;
				DEBUG_INFORMATION_FORMAT = dwarf;
				ENABLE_STRICT_OBJC_MSGSEND = YES;
				ENABLE_TESTABILITY = YES;
				GCC_C_LANGUAGE_STANDARD = gnu99;
				GCC_DYNAMIC_NO_PIC = NO;
				GCC_NO_COMMON_BLOCKS = YES;
				GCC_OPTIMIZATION_LEVEL = 0;
				GCC_PREPROCESSOR_DEFINITIONS = (
					"DEBUG=1",
					"$(inherited)",
				);
				GCC_WARN_64_TO_32_BIT_CONVERSION = YES;
				GCC_WARN_ABOUT_RETURN_TYPE = YES_ERROR;
				GCC_WARN_UNDECLARED_SELECTOR = YES;
				GCC_WARN_UNINITIALIZED_AUTOS = YES_AGGRESSIVE;
				GCC_WARN_UNUSED_FUNCTION = YES;
				GCC_WARN_UNUSED_VARIABLE = YES;
				IPHONEOS_DEPLOYMENT_TARGET = 9.0;
				MTL_ENABLE_DEBUG_INFO = YES;
				ONLY_ACTIVE_ARCH = YES;
				SDKROOT = iphoneos;
				SWIFT_OPTIMIZATION_LEVEL = "-Onone";
				TARGETED_DEVICE_FAMILY = "1,2";
			};
			name = Debug;
		};
		CEB32C731B67686300BE3AE9 /* Release */ = {
			isa = XCBuildConfiguration;
			buildSettings = {
				ALWAYS_SEARCH_USER_PATHS = NO;
				CLANG_CXX_LANGUAGE_STANDARD = "gnu++0x";
				CLANG_CXX_LIBRARY = "libc++";
				CLANG_ENABLE_MODULES = YES;
				CLANG_ENABLE_OBJC_ARC = YES;
				CLANG_WARN_BOOL_CONVERSION = YES;
				CLANG_WARN_CONSTANT_CONVERSION = YES;
				CLANG_WARN_DIRECT_OBJC_ISA_USAGE = YES_ERROR;
				CLANG_WARN_EMPTY_BODY = YES;
				CLANG_WARN_ENUM_CONVERSION = YES;
				CLANG_WARN_INT_CONVERSION = YES;
				CLANG_WARN_OBJC_ROOT_CLASS = YES_ERROR;
				CLANG_WARN_UNREACHABLE_CODE = YES;
				CLANG_WARN__DUPLICATE_METHOD_MATCH = YES;
				"CODE_SIGN_IDENTITY[sdk=iphoneos*]" = "iPhone Developer";
				COPY_PHASE_STRIP = NO;
				DEBUG_INFORMATION_FORMAT = "dwarf-with-dsym";
				ENABLE_NS_ASSERTIONS = NO;
				ENABLE_STRICT_OBJC_MSGSEND = YES;
				GCC_C_LANGUAGE_STANDARD = gnu99;
				GCC_NO_COMMON_BLOCKS = YES;
				GCC_WARN_64_TO_32_BIT_CONVERSION = YES;
				GCC_WARN_ABOUT_RETURN_TYPE = YES_ERROR;
				GCC_WARN_UNDECLARED_SELECTOR = YES;
				GCC_WARN_UNINITIALIZED_AUTOS = YES_AGGRESSIVE;
				GCC_WARN_UNUSED_FUNCTION = YES;
				GCC_WARN_UNUSED_VARIABLE = YES;
				IPHONEOS_DEPLOYMENT_TARGET = 9.0;
				MTL_ENABLE_DEBUG_INFO = NO;
				SDKROOT = iphoneos;
				TARGETED_DEVICE_FAMILY = "1,2";
				VALIDATE_PRODUCT = YES;
			};
			name = Release;
		};
		CEB32C751B67686300BE3AE9 /* Debug */ = {
			isa = XCBuildConfiguration;
			buildSettings = {
				ASSETCATALOG_COMPILER_APPICON_NAME = AppIcon;
				INFOPLIST_FILE = iOSFolket/Info.plist;
				LD_RUNPATH_SEARCH_PATHS = "$(inherited) @executable_path/Frameworks";
				PRODUCT_BUNDLE_IDENTIFIER = se.iOSFolket;
				PRODUCT_NAME = "$(TARGET_NAME)";
			};
			name = Debug;
		};
		CEB32C761B67686300BE3AE9 /* Release */ = {
			isa = XCBuildConfiguration;
			buildSettings = {
				ASSETCATALOG_COMPILER_APPICON_NAME = AppIcon;
				INFOPLIST_FILE = iOSFolket/Info.plist;
				LD_RUNPATH_SEARCH_PATHS = "$(inherited) @executable_path/Frameworks";
				PRODUCT_BUNDLE_IDENTIFIER = se.iOSFolket;
				PRODUCT_NAME = "$(TARGET_NAME)";
			};
			name = Release;
		};
		CEB32C781B67686300BE3AE9 /* Debug */ = {
			isa = XCBuildConfiguration;
			buildSettings = {
				BUNDLE_LOADER = "$(TEST_HOST)";
				INFOPLIST_FILE = iOSFolketTests/Info.plist;
				LD_RUNPATH_SEARCH_PATHS = "$(inherited) @executable_path/Frameworks @loader_path/Frameworks";
				PRODUCT_BUNDLE_IDENTIFIER = se.iOSFolketTests;
				PRODUCT_NAME = "$(TARGET_NAME)";
				TEST_HOST = "$(BUILT_PRODUCTS_DIR)/iOSFolket.app/iOSFolket";
			};
			name = Debug;
		};
		CEB32C791B67686300BE3AE9 /* Release */ = {
			isa = XCBuildConfiguration;
			buildSettings = {
				BUNDLE_LOADER = "$(TEST_HOST)";
				INFOPLIST_FILE = iOSFolketTests/Info.plist;
				LD_RUNPATH_SEARCH_PATHS = "$(inherited) @executable_path/Frameworks @loader_path/Frameworks";
				PRODUCT_BUNDLE_IDENTIFIER = se.iOSFolketTests;
				PRODUCT_NAME = "$(TARGET_NAME)";
				TEST_HOST = "$(BUILT_PRODUCTS_DIR)/iOSFolket.app/iOSFolket";
			};
			name = Release;
		};
		CEB32C7B1B67686300BE3AE9 /* Debug */ = {
			isa = XCBuildConfiguration;
			buildSettings = {
				INFOPLIST_FILE = iOSFolketUITests/Info.plist;
				LD_RUNPATH_SEARCH_PATHS = "$(inherited) @executable_path/Frameworks @loader_path/Frameworks";
				PRODUCT_BUNDLE_IDENTIFIER = se.iOSFolketUITests;
				PRODUCT_NAME = "$(TARGET_NAME)";
				TEST_TARGET_NAME = iOSFolket;
				USES_XCTRUNNER = YES;
			};
			name = Debug;
		};
		CEB32C7C1B67686300BE3AE9 /* Release */ = {
			isa = XCBuildConfiguration;
			buildSettings = {
				INFOPLIST_FILE = iOSFolketUITests/Info.plist;
				LD_RUNPATH_SEARCH_PATHS = "$(inherited) @executable_path/Frameworks @loader_path/Frameworks";
				PRODUCT_BUNDLE_IDENTIFIER = se.iOSFolketUITests;
				PRODUCT_NAME = "$(TARGET_NAME)";
				TEST_TARGET_NAME = iOSFolket;
				USES_XCTRUNNER = YES;
			};
			name = Release;
		};
/* End XCBuildConfiguration section */

/* Begin XCConfigurationList section */
		CEB32C421B67686300BE3AE9 /* Build configuration list for PBXProject "iOSFolket" */ = {
			isa = XCConfigurationList;
			buildConfigurations = (
				CEB32C721B67686300BE3AE9 /* Debug */,
				CEB32C731B67686300BE3AE9 /* Release */,
			);
			defaultConfigurationIsVisible = 0;
			defaultConfigurationName = Release;
		};
		CEB32C741B67686300BE3AE9 /* Build configuration list for PBXNativeTarget "iOSFolket" */ = {
			isa = XCConfigurationList;
			buildConfigurations = (
				CEB32C751B67686300BE3AE9 /* Debug */,
				CEB32C761B67686300BE3AE9 /* Release */,
			);
			defaultConfigurationIsVisible = 0;
		};
		CEB32C771B67686300BE3AE9 /* Build configuration list for PBXNativeTarget "iOSFolketTests" */ = {
			isa = XCConfigurationList;
			buildConfigurations = (
				CEB32C781B67686300BE3AE9 /* Debug */,
				CEB32C791B67686300BE3AE9 /* Release */,
			);
			defaultConfigurationIsVisible = 0;
		};
		CEB32C7A1B67686300BE3AE9 /* Build configuration list for PBXNativeTarget "iOSFolketUITests" */ = {
			isa = XCConfigurationList;
			buildConfigurations = (
				CEB32C7B1B67686300BE3AE9 /* Debug */,
				CEB32C7C1B67686300BE3AE9 /* Release */,
			);
			defaultConfigurationIsVisible = 0;
		};
/* End XCConfigurationList section */

/* Begin XCVersionGroup section */
		CEB32C4C1B67686300BE3AE9 /* iOSFolket.xcdatamodeld */ = {
			isa = XCVersionGroup;
			children = (
				CEB32C4D1B67686300BE3AE9 /* iOSFolket.xcdatamodel */,
			);
			currentVersion = CEB32C4D1B67686300BE3AE9 /* iOSFolket.xcdatamodel */;
			path = iOSFolket.xcdatamodeld;
			sourceTree = "<group>";
			versionGroupType = wrapper.xcdatamodel;
		};
/* End XCVersionGroup section */
	};
	rootObject = CEB32C3F1B67686300BE3AE9 /* Project object */;
}
